
Microsoft Visual Studio Solution File, Format Version 12.00
# Visual Studio 15
VisualStudioVersion = 15.0.27428.2015
MinimumVisualStudioVersion = 10.0.40219.1
Project("{FAE04EC0-301F-11D3-BF4B-00C04F79EFBC}") = "EasyHosts", "EasyHosts\EasyHosts.csproj", "{03C4A0D9-0EED-4428-AC3D-8CCCCA7E35D9}"
EndProject
Global
	GlobalSection(SolutionConfigurationPlatforms) = preSolution
		CD_ROM|Any CPU = CD_ROM|Any CPU
		Debug|Any CPU = Debug|Any CPU
		DefaultBuild|Any CPU = DefaultBuild|Any CPU
		DVD-5|Any CPU = DVD-5|Any CPU
		Release|Any CPU = Release|Any CPU
		SingleImage|Any CPU = SingleImage|Any CPU
	EndGlobalSection
	GlobalSection(ProjectConfigurationPlatforms) = postSolution
		{03C4A0D9-0EED-4428-AC3D-8CCCCA7E35D9}.CD_ROM|Any CPU.ActiveCfg = Release|Any CPU
		{03C4A0D9-0EED-4428-AC3D-8CCCCA7E35D9}.CD_ROM|Any CPU.Build.0 = Release|Any CPU
		{03C4A0D9-0EED-4428-AC3D-8CCCCA7E35D9}.Debug|Any CPU.ActiveCfg = Debug|Any CPU
		{03C4A0D9-0EED-4428-AC3D-8CCCCA7E35D9}.Debug|Any CPU.Build.0 = Debug|Any CPU
		{03C4A0D9-0EED-4428-AC3D-8CCCCA7E35D9}.DefaultBuild|Any CPU.ActiveCfg = Debug|Any CPU
		{03C4A0D9-0EED-4428-AC3D-8CCCCA7E35D9}.DefaultBuild|Any CPU.Build.0 = Debug|Any CPU
		{03C4A0D9-0EED-4428-AC3D-8CCCCA7E35D9}.DVD-5|Any CPU.ActiveCfg = Debug|Any CPU
		{03C4A0D9-0EED-4428-AC3D-8CCCCA7E35D9}.DVD-5|Any CPU.Build.0 = Debug|Any CPU
		{03C4A0D9-0EED-4428-AC3D-8CCCCA7E35D9}.Release|Any CPU.ActiveCfg = Release|Any CPU
		{03C4A0D9-0EED-4428-AC3D-8CCCCA7E35D9}.Release|Any CPU.Build.0 = Release|Any CPU
		{03C4A0D9-0EED-4428-AC3D-8CCCCA7E35D9}.Release|Any CPU.Deploy.0 = Release|Any CPU
		{03C4A0D9-0EED-4428-AC3D-8CCCCA7E35D9}.SingleImage|Any CPU.ActiveCfg = Release|Any CPU
		{03C4A0D9-0EED-4428-AC3D-8CCCCA7E35D9}.SingleImage|Any CPU.Build.0 = Release|Any CPU
	EndGlobalSection
	GlobalSection(SolutionProperties) = preSolution
		HideSolutionNode = FALSE
	EndGlobalSection
	GlobalSection(ExtensibilityGlobals) = postSolution
		SolutionGuid = {BF11784A-77F6-44A7-B9E4-AC115693DD51}
	EndGlobalSection
EndGlobal
